
Microsoft Visual Studio Solution File, Format Version 12.00
# Visual Studio Version 17
VisualStudioVersion = 17.11.35312.102
MinimumVisualStudioVersion = 10.0.40219.1
Project("{FAE04EC0-301F-11D3-BF4B-00C04F79EFBC}") = "ToDo LIst", "ToDo LIst.csproj", "{004A116A-3DBC-4AF2-A2B3-D9B026045FB0}"
EndProject
Global
	GlobalSection(SolutionConfigurationPlatforms) = preSolution
		Debug|Any CPU = Debug|Any CPU
		Release|Any CPU = Release|Any CPU
	EndGlobalSection
	GlobalSection(ProjectConfigurationPlatforms) = postSolution
		{004A116A-3DBC-4AF2-A2B3-D9B026045FB0}.Debug|Any CPU.ActiveCfg = Debug|Any CPU
		{004A116A-3DBC-4AF2-A2B3-D9B026045FB0}.Debug|Any CPU.Build.0 = Debug|Any CPU
		{004A116A-3DBC-4AF2-A2B3-D9B026045FB0}.Release|Any CPU.ActiveCfg = Release|Any CPU
		{004A116A-3DBC-4AF2-A2B3-D9B026045FB0}.Release|Any CPU.Build.0 = Release|Any CPU
	EndGlobalSection
	GlobalSection(SolutionProperties) = preSolution
		HideSolutionNode = FALSE
	EndGlobalSection
	GlobalSection(ExtensibilityGlobals) = postSolution
		SolutionGuid = {414B2029-18E4-444C-AC49-1F1DEA2E57A7}
	EndGlobalSection
EndGlobal
